
Microsoft Visual Studio Solution File, Format Version 12.00
# Visual Studio Version 17
VisualStudioVersion = 17.5.002.0
MinimumVisualStudioVersion = 10.0.40219.1
Project("{2150E333-8FDC-42A3-9474-1A3956D46DE8}") = "csharp-prep", "csharp-prep", "{CA34E496-3BDB-4AAA-9B42-889F1D1CEA91}"
EndProject
Project("{9A19103F-16F7-4668-BE54-9A1E7A4F7556}") = "Prep1", "csharp-prep\Prep1\Prep1.csproj", "{0CDCEC26-CBEB-444B-9531-E0C30E27D932}"
EndProject
Project("{9A19103F-16F7-4668-BE54-9A1E7A4F7556}") = "Prep2", "csharp-prep\Prep2\Prep2.csproj", "{32C3BB1E-F1CD-4534-8AE1-DC275264F165}"
EndProject
Project("{9A19103F-16F7-4668-BE54-9A1E7A4F7556}") = "Prep3", "csharp-prep\Prep3\Prep3.csproj", "{11DDF867-18DB-4D46-90FD-9C6CDA71B3EC}"
EndProject
Project("{9A19103F-16F7-4668-BE54-9A1E7A4F7556}") = "Prep4", "csharp-prep\Prep4\Prep4.csproj", "{167D43D3-7A2E-4682-9DEB-BA6AB050331C}"
EndProject
Project("{9A19103F-16F7-4668-BE54-9A1E7A4F7556}") = "Prep5", "csharp-prep\Prep5\Prep5.csproj", "{B10BEC0F-FB46-4179-BF7D-0ECF0E931CE2}"
EndProject
Project("{2150E333-8FDC-42A3-9474-1A3956D46DE8}") = "final", "final", "{6A1E735C-4701-49B7-AFEC-B34B731CEBFD}"
EndProject
Project("{9A19103F-16F7-4668-BE54-9A1E7A4F7556}") = "FinalProject", "final\FinalProject\FinalProject.csproj", "{507A5294-4BE8-47CF-B016-285816FAC843}"
EndProject
Project("{9A19103F-16F7-4668-BE54-9A1E7A4F7556}") = "Foundation1", "final\Foundation1\Foundation1.csproj", "{05BF17FC-9A4A-413D-9C66-D4C0189BE47C}"
EndProject
Project("{9A19103F-16F7-4668-BE54-9A1E7A4F7556}") = "Foundation2", "final\Foundation2\Foundation2.csproj", "{7301561D-F30B-4265-9614-F012C2EA5901}"
EndProject
Project("{9A19103F-16F7-4668-BE54-9A1E7A4F7556}") = "Foundation3", "final\Foundation3\Foundation3.csproj", "{C5E7EB23-3F19-4B2E-A60D-16CF76A2715B}"
EndProject
Project("{9A19103F-16F7-4668-BE54-9A1E7A4F7556}") = "Foundation4", "final\Foundation4\Foundation4.csproj", "{78CCFAF7-427C-446F-AE2A-84A3F411378E}"
EndProject
Project("{2150E333-8FDC-42A3-9474-1A3956D46DE8}") = "prepare", "prepare", "{317D2BDB-07DA-4A01-96EA-35113441666D}"
EndProject
Project("{9A19103F-16F7-4668-BE54-9A1E7A4F7556}") = "Learning02", "prepare\Learning02\Learning02.csproj", "{43327E50-EA7E-4A8F-8842-8F157A421E61}"
EndProject
Project("{9A19103F-16F7-4668-BE54-9A1E7A4F7556}") = "Learning03", "prepare\Learning03\Learning03.csproj", "{068834CC-708F-4F9F-BD30-40EC8AF011B0}"
EndProject
Project("{9A19103F-16F7-4668-BE54-9A1E7A4F7556}") = "Learning04", "prepare\Learning04\Learning04.csproj", "{665C878E-DAEB-460B-BA60-592C6A0C1464}"
EndProject
Project("{9A19103F-16F7-4668-BE54-9A1E7A4F7556}") = "Learning05", "prepare\Learning05\Learning05.csproj", "{BC09A99C-C41A-48CF-9248-CE2DBBCF750F}"
EndProject
Project("{2150E333-8FDC-42A3-9474-1A3956D46DE8}") = "prove", "prove", "{A3D61119-EE62-4ECA-BDE3-2071757FF831}"
EndProject
Project("{9A19103F-16F7-4668-BE54-9A1E7A4F7556}") = "Develop02", "prove\Develop02\Develop02.csproj", "{9762F6C4-FDFA-4641-95EB-FCC772D00FFF}"
EndProject
Project("{9A19103F-16F7-4668-BE54-9A1E7A4F7556}") = "Develop03", "prove\Develop03\Develop03.csproj", "{6AEB3E38-0DD3-4876-9298-8AC5D9ECCC5F}"
EndProject
Project("{9A19103F-16F7-4668-BE54-9A1E7A4F7556}") = "Develop04", "prove\Develop04\Develop04.csproj", "{3AFDD960-990F-4DF6-9AE9-2780318DD2FD}"
EndProject
Project("{9A19103F-16F7-4668-BE54-9A1E7A4F7556}") = "Develop05", "prove\Develop05\Develop05.csproj", "{744C4777-0062-4D3D-A4C6-5FC6666B34CE}"
EndProject
Project("{2150E333-8FDC-42A3-9474-1A3956D46DE8}") = "sandbox", "sandbox", "{6BFB6EB9-F416-4E83-941C-8E9C9D32CE5D}"
EndProject
Project("{9A19103F-16F7-4668-BE54-9A1E7A4F7556}") = "Sandbox", "sandbox\Sandbox\Sandbox.csproj", "{E8013021-54CF-4C97-A42B-7E7D3FE88EB0}"
EndProject
Global
	GlobalSection(SolutionConfigurationPlatforms) = preSolution
		Debug|Any CPU = Debug|Any CPU
		Release|Any CPU = Release|Any CPU
	EndGlobalSection
	GlobalSection(ProjectConfigurationPlatforms) = postSolution
		{0CDCEC26-CBEB-444B-9531-E0C30E27D932}.Debug|Any CPU.ActiveCfg = Debug|Any CPU
		{0CDCEC26-CBEB-444B-9531-E0C30E27D932}.Debug|Any CPU.Build.0 = Debug|Any CPU
		{0CDCEC26-CBEB-444B-9531-E0C30E27D932}.Release|Any CPU.ActiveCfg = Release|Any CPU
		{0CDCEC26-CBEB-444B-9531-E0C30E27D932}.Release|Any CPU.Build.0 = Release|Any CPU
		{32C3BB1E-F1CD-4534-8AE1-DC275264F165}.Debug|Any CPU.ActiveCfg = Debug|Any CPU
		{32C3BB1E-F1CD-4534-8AE1-DC275264F165}.Debug|Any CPU.Build.0 = Debug|Any CPU
		{32C3BB1E-F1CD-4534-8AE1-DC275264F165}.Release|Any CPU.ActiveCfg = Release|Any CPU
		{32C3BB1E-F1CD-4534-8AE1-DC275264F165}.Release|Any CPU.Build.0 = Release|Any CPU
		{11DDF867-18DB-4D46-90FD-9C6CDA71B3EC}.Debug|Any CPU.ActiveCfg = Debug|Any CPU
		{11DDF867-18DB-4D46-90FD-9C6CDA71B3EC}.Debug|Any CPU.Build.0 = Debug|Any CPU
		{11DDF867-18DB-4D46-90FD-9C6CDA71B3EC}.Release|Any CPU.ActiveCfg = Release|Any CPU
		{11DDF867-18DB-4D46-90FD-9C6CDA71B3EC}.Release|Any CPU.Build.0 = Release|Any CPU
		{167D43D3-7A2E-4682-9DEB-BA6AB050331C}.Debug|Any CPU.ActiveCfg = Debug|Any CPU
		{167D43D3-7A2E-4682-9DEB-BA6AB050331C}.Debug|Any CPU.Build.0 = Debug|Any CPU
		{167D43D3-7A2E-4682-9DEB-BA6AB050331C}.Release|Any CPU.ActiveCfg = Release|Any CPU
		{167D43D3-7A2E-4682-9DEB-BA6AB050331C}.Release|Any CPU.Build.0 = Release|Any CPU
		{B10BEC0F-FB46-4179-BF7D-0ECF0E931CE2}.Debug|Any CPU.ActiveCfg = Debug|Any CPU
		{B10BEC0F-FB46-4179-BF7D-0ECF0E931CE2}.Debug|Any CPU.Build.0 = Debug|Any CPU
		{B10BEC0F-FB46-4179-BF7D-0ECF0E931CE2}.Release|Any CPU.ActiveCfg = Release|Any CPU
		{B10BEC0F-FB46-4179-BF7D-0ECF0E931CE2}.Release|Any CPU.Build.0 = Release|Any CPU
		{507A5294-4BE8-47CF-B016-285816FAC843}.Debug|Any CPU.ActiveCfg = Debug|Any CPU
		{507A5294-4BE8-47CF-B016-285816FAC843}.Debug|Any CPU.Build.0 = Debug|Any CPU
		{507A5294-4BE8-47CF-B016-285816FAC843}.Release|Any CPU.ActiveCfg = Release|Any CPU
		{507A5294-4BE8-47CF-B016-285816FAC843}.Release|Any CPU.Build.0 = Release|Any CPU
		{05BF17FC-9A4A-413D-9C66-D4C0189BE47C}.Debug|Any CPU.ActiveCfg = Debug|Any CPU
		{05BF17FC-9A4A-413D-9C66-D4C0189BE47C}.Debug|Any CPU.Build.0 = Debug|Any CPU
		{05BF17FC-9A4A-413D-9C66-D4C0189BE47C}.Release|Any CPU.ActiveCfg = Release|Any CPU
		{05BF17FC-9A4A-413D-9C66-D4C0189BE47C}.Release|Any CPU.Build.0 = Release|Any CPU
		{7301561D-F30B-4265-9614-F012C2EA5901}.Debug|Any CPU.ActiveCfg = Debug|Any CPU
		{7301561D-F30B-4265-9614-F012C2EA5901}.Debug|Any CPU.Build.0 = Debug|Any CPU
		{7301561D-F30B-4265-9614-F012C2EA5901}.Release|Any CPU.ActiveCfg = Release|Any CPU
		{7301561D-F30B-4265-9614-F012C2EA5901}.Release|Any CPU.Build.0 = Release|Any CPU
		{C5E7EB23-3F19-4B2E-A60D-16CF76A2715B}.Debug|Any CPU.ActiveCfg = Debug|Any CPU
		{C5E7EB23-3F19-4B2E-A60D-16CF76A2715B}.Debug|Any CPU.Build.0 = Debug|Any CPU
		{C5E7EB23-3F19-4B2E-A60D-16CF76A2715B}.Release|Any CPU.ActiveCfg = Release|Any CPU
		{C5E7EB23-3F19-4B2E-A60D-16CF76A2715B}.Release|Any CPU.Build.0 = Release|Any CPU
		{78CCFAF7-427C-446F-AE2A-84A3F411378E}.Debug|Any CPU.ActiveCfg = Debug|Any CPU
		{78CCFAF7-427C-446F-AE2A-84A3F411378E}.Debug|Any CPU.Build.0 = Debug|Any CPU
		{78CCFAF7-427C-446F-AE2A-84A3F411378E}.Release|Any CPU.ActiveCfg = Release|Any CPU
		{78CCFAF7-427C-446F-AE2A-84A3F411378E}.Release|Any CPU.Build.0 = Release|Any CPU
		{43327E50-EA7E-4A8F-8842-8F157A421E61}.Debug|Any CPU.ActiveCfg = Debug|Any CPU
		{43327E50-EA7E-4A8F-8842-8F157A421E61}.Debug|Any CPU.Build.0 = Debug|Any CPU
		{43327E50-EA7E-4A8F-8842-8F157A421E61}.Release|Any CPU.ActiveCfg = Release|Any CPU
		{43327E50-EA7E-4A8F-8842-8F157A421E61}.Release|Any CPU.Build.0 = Release|Any CPU
		{068834CC-708F-4F9F-BD30-40EC8AF011B0}.Debug|Any CPU.ActiveCfg = Debug|Any CPU
		{068834CC-708F-4F9F-BD30-40EC8AF011B0}.Debug|Any CPU.Build.0 = Debug|Any CPU
		{068834CC-708F-4F9F-BD30-40EC8AF011B0}.Release|Any CPU.ActiveCfg = Release|Any CPU
		{068834CC-708F-4F9F-BD30-40EC8AF011B0}.Release|Any CPU.Build.0 = Release|Any CPU
		{665C878E-DAEB-460B-BA60-592C6A0C1464}.Debug|Any CPU.ActiveCfg = Debug|Any CPU
		{665C878E-DAEB-460B-BA60-592C6A0C1464}.Debug|Any CPU.Build.0 = Debug|Any CPU
		{665C878E-DAEB-460B-BA60-592C6A0C1464}.Release|Any CPU.ActiveCfg = Release|Any CPU
		{665C878E-DAEB-460B-BA60-592C6A0C1464}.Release|Any CPU.Build.0 = Release|Any CPU
		{BC09A99C-C41A-48CF-9248-CE2DBBCF750F}.Debug|Any CPU.ActiveCfg = Debug|Any CPU
		{BC09A99C-C41A-48CF-9248-CE2DBBCF750F}.Debug|Any CPU.Build.0 = Debug|Any CPU
		{BC09A99C-C41A-48CF-9248-CE2DBBCF750F}.Release|Any CPU.ActiveCfg = Release|Any CPU
		{BC09A99C-C41A-48CF-9248-CE2DBBCF750F}.Release|Any CPU.Build.0 = Release|Any CPU
		{9762F6C4-FDFA-4641-95EB-FCC772D00FFF}.Debug|Any CPU.ActiveCfg = Debug|Any CPU
		{9762F6C4-FDFA-4641-95EB-FCC772D00FFF}.Debug|Any CPU.Build.0 = Debug|Any CPU
		{9762F6C4-FDFA-4641-95EB-FCC772D00FFF}.Release|Any CPU.ActiveCfg = Release|Any CPU
		{9762F6C4-FDFA-4641-95EB-FCC772D00FFF}.Release|Any CPU.Build.0 = Release|Any CPU
		{6AEB3E38-0DD3-4876-9298-8AC5D9ECCC5F}.Debug|Any CPU.ActiveCfg = Debug|Any CPU
		{6AEB3E38-0DD3-4876-9298-8AC5D9ECCC5F}.Debug|Any CPU.Build.0 = Debug|Any CPU
		{6AEB3E38-0DD3-4876-9298-8AC5D9ECCC5F}.Release|Any CPU.ActiveCfg = Release|Any CPU
		{6AEB3E38-0DD3-4876-9298-8AC5D9ECCC5F}.Release|Any CPU.Build.0 = Release|Any CPU
		{3AFDD960-990F-4DF6-9AE9-2780318DD2FD}.Debug|Any CPU.ActiveCfg = Debug|Any CPU
		{3AFDD960-990F-4DF6-9AE9-2780318DD2FD}.Debug|Any CPU.Build.0 = Debug|Any CPU
		{3AFDD960-990F-4DF6-9AE9-2780318DD2FD}.Release|Any CPU.ActiveCfg = Release|Any CPU
		{3AFDD960-990F-4DF6-9AE9-2780318DD2FD}.Release|Any CPU.Build.0 = Release|Any CPU
		{744C4777-0062-4D3D-A4C6-5FC6666B34CE}.Debug|Any CPU.ActiveCfg = Debug|Any CPU
		{744C4777-0062-4D3D-A4C6-5FC6666B34CE}.Debug|Any CPU.Build.0 = Debug|Any CPU
		{744C4777-0062-4D3D-A4C6-5FC6666B34CE}.Release|Any CPU.ActiveCfg = Release|Any CPU
		{744C4777-0062-4D3D-A4C6-5FC6666B34CE}.Release|Any CPU.Build.0 = Release|Any CPU
		{E8013021-54CF-4C97-A42B-7E7D3FE88EB0}.Debug|Any CPU.ActiveCfg = Debug|Any CPU
		{E8013021-54CF-4C97-A42B-7E7D3FE88EB0}.Debug|Any CPU.Build.0 = Debug|Any CPU
		{E8013021-54CF-4C97-A42B-7E7D3FE88EB0}.Release|Any CPU.ActiveCfg = Release|Any CPU
		{E8013021-54CF-4C97-A42B-7E7D3FE88EB0}.Release|Any CPU.Build.0 = Release|Any CPU
	EndGlobalSection
	GlobalSection(SolutionProperties) = preSolution
		HideSolutionNode = FALSE
	EndGlobalSection
	GlobalSection(NestedProjects) = preSolution
		{0CDCEC26-CBEB-444B-9531-E0C30E27D932} = {CA34E496-3BDB-4AAA-9B42-889F1D1CEA91}
		{32C3BB1E-F1CD-4534-8AE1-DC275264F165} = {CA34E496-3BDB-4AAA-9B42-889F1D1CEA91}
		{11DDF867-18DB-4D46-90FD-9C6CDA71B3EC} = {CA34E496-3BDB-4AAA-9B42-889F1D1CEA91}
		{167D43D3-7A2E-4682-9DEB-BA6AB050331C} = {CA34E496-3BDB-4AAA-9B42-889F1D1CEA91}
		{B10BEC0F-FB46-4179-BF7D-0ECF0E931CE2} = {CA34E496-3BDB-4AAA-9B42-889F1D1CEA91}
		{507A5294-4BE8-47CF-B016-285816FAC843} = {6A1E735C-4701-49B7-AFEC-B34B731CEBFD}
		{05BF17FC-9A4A-413D-9C66-D4C0189BE47C} = {6A1E735C-4701-49B7-AFEC-B34B731CEBFD}
		{7301561D-F30B-4265-9614-F012C2EA5901} = {6A1E735C-4701-49B7-AFEC-B34B731CEBFD}
		{C5E7EB23-3F19-4B2E-A60D-16CF76A2715B} = {6A1E735C-4701-49B7-AFEC-B34B731CEBFD}
		{78CCFAF7-427C-446F-AE2A-84A3F411378E} = {6A1E735C-4701-49B7-AFEC-B34B731CEBFD}
		{43327E50-EA7E-4A8F-8842-8F157A421E61} = {317D2BDB-07DA-4A01-96EA-35113441666D}
		{068834CC-708F-4F9F-BD30-40EC8AF011B0} = {317D2BDB-07DA-4A01-96EA-35113441666D}
		{665C878E-DAEB-460B-BA60-592C6A0C1464} = {317D2BDB-07DA-4A01-96EA-35113441666D}
		{BC09A99C-C41A-48CF-9248-CE2DBBCF750F} = {317D2BDB-07DA-4A01-96EA-35113441666D}
		{9762F6C4-FDFA-4641-95EB-FCC772D00FFF} = {A3D61119-EE62-4ECA-BDE3-2071757FF831}
		{6AEB3E38-0DD3-4876-9298-8AC5D9ECCC5F} = {A3D61119-EE62-4ECA-BDE3-2071757FF831}
		{3AFDD960-990F-4DF6-9AE9-2780318DD2FD} = {A3D61119-EE62-4ECA-BDE3-2071757FF831}
		{744C4777-0062-4D3D-A4C6-5FC6666B34CE} = {A3D61119-EE62-4ECA-BDE3-2071757FF831}
		{E8013021-54CF-4C97-A42B-7E7D3FE88EB0} = {6BFB6EB9-F416-4E83-941C-8E9C9D32CE5D}
	EndGlobalSection
	GlobalSection(ExtensibilityGlobals) = postSolution
		SolutionGuid = {E2B1A085-A895-4509-BC0D-083A7DEA7D3A}
	EndGlobalSection
EndGlobal
